// !$*UTF8*$!
{
	archiveVersion = 1;
	classes = {
	};
	objectVersion = 55;
	objects = {

/* Begin PBXBuildFile section */
		AF2420B4276A55A600DE0156 /* AppDelegate.swift in Sources */ = {isa = PBXBuildFile; fileRef = AF2420B3276A55A600DE0156 /* AppDelegate.swift */; };
		AF2420B6276A55A600DE0156 /* SceneDelegate.swift in Sources */ = {isa = PBXBuildFile; fileRef = AF2420B5276A55A600DE0156 /* SceneDelegate.swift */; };
		AF2420B8276A55A600DE0156 /* ViewController.swift in Sources */ = {isa = PBXBuildFile; fileRef = AF2420B7276A55A600DE0156 /* ViewController.swift */; };
		AF2420BB276A55A600DE0156 /* Main.storyboard in Resources */ = {isa = PBXBuildFile; fileRef = AF2420B9276A55A600DE0156 /* Main.storyboard */; };
		AF2420BD276A55AB00DE0156 /* Assets.xcassets in Resources */ = {isa = PBXBuildFile; fileRef = AF2420BC276A55AB00DE0156 /* Assets.xcassets */; };
		AF2420C0276A55AB00DE0156 /* LaunchScreen.storyboard in Resources */ = {isa = PBXBuildFile; fileRef = AF2420BE276A55AB00DE0156 /* LaunchScreen.storyboard */; };
		AF2420C8276B304100DE0156 /* GoogleService-Info.plist in Resources */ = {isa = PBXBuildFile; fileRef = AF2420C7276B304000DE0156 /* GoogleService-Info.plist */; };
		AF529E6A276D2F0100F8E6F4 /* PracticingCICDTests.swift in Sources */ = {isa = PBXBuildFile; fileRef = AF529E69276D2F0100F8E6F4 /* PracticingCICDTests.swift */; };
		CA969BEF28CD0678C5A4A2AB /* Pods_PracticingCICD.framework in Frameworks */ = {isa = PBXBuildFile; fileRef = E746EBDAF4C812153834FF3C /* Pods_PracticingCICD.framework */; };
/* End PBXBuildFile section */

/* Begin PBXContainerItemProxy section */
		AF529E6B276D2F0100F8E6F4 /* PBXContainerItemProxy */ = {
			isa = PBXContainerItemProxy;
			containerPortal = AF2420A8276A55A600DE0156 /* Project object */;
			proxyType = 1;
			remoteGlobalIDString = AF2420AF276A55A600DE0156;
			remoteInfo = PracticingCICD;
		};
/* End PBXContainerItemProxy section */

/* Begin PBXFileReference section */
		A9E8ABCA813FC657A5E1CEA1 /* Pods-PracticingCICD.debug.xcconfig */ = {isa = PBXFileReference; includeInIndex = 1; lastKnownFileType = text.xcconfig; name = "Pods-PracticingCICD.debug.xcconfig"; path = "Target Support Files/Pods-PracticingCICD/Pods-PracticingCICD.debug.xcconfig"; sourceTree = "<group>"; };
		AF2420B0276A55A600DE0156 /* PracticingCICD.app */ = {isa = PBXFileReference; explicitFileType = wrapper.application; includeInIndex = 0; path = PracticingCICD.app; sourceTree = BUILT_PRODUCTS_DIR; };
		AF2420B3276A55A600DE0156 /* AppDelegate.swift */ = {isa = PBXFileReference; lastKnownFileType = sourcecode.swift; path = AppDelegate.swift; sourceTree = "<group>"; };
		AF2420B5276A55A600DE0156 /* SceneDelegate.swift */ = {isa = PBXFileReference; lastKnownFileType = sourcecode.swift; path = SceneDelegate.swift; sourceTree = "<group>"; };
		AF2420B7276A55A600DE0156 /* ViewController.swift */ = {isa = PBXFileReference; lastKnownFileType = sourcecode.swift; path = ViewController.swift; sourceTree = "<group>"; };
		AF2420BA276A55A600DE0156 /* Base */ = {isa = PBXFileReference; lastKnownFileType = file.storyboard; name = Base; path = Base.lproj/Main.storyboard; sourceTree = "<group>"; };
		AF2420BC276A55AB00DE0156 /* Assets.xcassets */ = {isa = PBXFileReference; lastKnownFileType = folder.assetcatalog; path = Assets.xcassets; sourceTree = "<group>"; };
		AF2420BF276A55AB00DE0156 /* Base */ = {isa = PBXFileReference; lastKnownFileType = file.storyboard; name = Base; path = Base.lproj/LaunchScreen.storyboard; sourceTree = "<group>"; };
		AF2420C1276A55AB00DE0156 /* Info.plist */ = {isa = PBXFileReference; lastKnownFileType = text.plist.xml; path = Info.plist; sourceTree = "<group>"; };
		AF2420C7276B304000DE0156 /* GoogleService-Info.plist */ = {isa = PBXFileReference; fileEncoding = 4; lastKnownFileType = text.plist.xml; path = "GoogleService-Info.plist"; sourceTree = "<group>"; };
		AF529E67276D2F0100F8E6F4 /* PracticingCICDTests.xctest */ = {isa = PBXFileReference; explicitFileType = wrapper.cfbundle; includeInIndex = 0; path = PracticingCICDTests.xctest; sourceTree = BUILT_PRODUCTS_DIR; };
		AF529E69276D2F0100F8E6F4 /* PracticingCICDTests.swift */ = {isa = PBXFileReference; lastKnownFileType = sourcecode.swift; path = PracticingCICDTests.swift; sourceTree = "<group>"; };
		E746EBDAF4C812153834FF3C /* Pods_PracticingCICD.framework */ = {isa = PBXFileReference; explicitFileType = wrapper.framework; includeInIndex = 0; path = Pods_PracticingCICD.framework; sourceTree = BUILT_PRODUCTS_DIR; };
		EA4D054DC7CC0F3B386C1C73 /* Pods-PracticingCICD.release.xcconfig */ = {isa = PBXFileReference; includeInIndex = 1; lastKnownFileType = text.xcconfig; name = "Pods-PracticingCICD.release.xcconfig"; path = "Target Support Files/Pods-PracticingCICD/Pods-PracticingCICD.release.xcconfig"; sourceTree = "<group>"; };
/* End PBXFileReference section */

/* Begin PBXFrameworksBuildPhase section */
		AF2420AD276A55A600DE0156 /* Frameworks */ = {
			isa = PBXFrameworksBuildPhase;
			buildActionMask = 2147483647;
			files = (
				CA969BEF28CD0678C5A4A2AB /* Pods_PracticingCICD.framework in Frameworks */,
			);
			runOnlyForDeploymentPostprocessing = 0;
		};
		AF529E64276D2F0100F8E6F4 /* Frameworks */ = {
			isa = PBXFrameworksBuildPhase;
			buildActionMask = 2147483647;
			files = (
			);
			runOnlyForDeploymentPostprocessing = 0;
		};
/* End PBXFrameworksBuildPhase section */

/* Begin PBXGroup section */
		26594C0BBA0F9EB43E791FAB /* Pods */ = {
			isa = PBXGroup;
			children = (
				A9E8ABCA813FC657A5E1CEA1 /* Pods-PracticingCICD.debug.xcconfig */,
				EA4D054DC7CC0F3B386C1C73 /* Pods-PracticingCICD.release.xcconfig */,
			);
			path = Pods;
			sourceTree = "<group>";
		};
		ACCECEEBB3FD06ABA2E29A28 /* Frameworks */ = {
			isa = PBXGroup;
			children = (
				E746EBDAF4C812153834FF3C /* Pods_PracticingCICD.framework */,
			);
			name = Frameworks;
			sourceTree = "<group>";
		};
		AF2420A7276A55A600DE0156 = {
			isa = PBXGroup;
			children = (
				AF2420B2276A55A600DE0156 /* PracticingCICD */,
				AF529E68276D2F0100F8E6F4 /* PracticingCICDTests */,
				AF2420B1276A55A600DE0156 /* Products */,
				26594C0BBA0F9EB43E791FAB /* Pods */,
				ACCECEEBB3FD06ABA2E29A28 /* Frameworks */,
			);
			sourceTree = "<group>";
		};
		AF2420B1276A55A600DE0156 /* Products */ = {
			isa = PBXGroup;
			children = (
				AF2420B0276A55A600DE0156 /* PracticingCICD.app */,
				AF529E67276D2F0100F8E6F4 /* PracticingCICDTests.xctest */,
			);
			name = Products;
			sourceTree = "<group>";
		};
		AF2420B2276A55A600DE0156 /* PracticingCICD */ = {
			isa = PBXGroup;
			children = (
				AF2420C7276B304000DE0156 /* GoogleService-Info.plist */,
				AF2420B3276A55A600DE0156 /* AppDelegate.swift */,
				AF2420B5276A55A600DE0156 /* SceneDelegate.swift */,
				AF2420B7276A55A600DE0156 /* ViewController.swift */,
				AF2420B9276A55A600DE0156 /* Main.storyboard */,
				AF2420BC276A55AB00DE0156 /* Assets.xcassets */,
				AF2420BE276A55AB00DE0156 /* LaunchScreen.storyboard */,
				AF2420C1276A55AB00DE0156 /* Info.plist */,
			);
			path = PracticingCICD;
			sourceTree = "<group>";
		};
		AF529E68276D2F0100F8E6F4 /* PracticingCICDTests */ = {
			isa = PBXGroup;
			children = (
				AF529E69276D2F0100F8E6F4 /* PracticingCICDTests.swift */,
			);
			path = PracticingCICDTests;
			sourceTree = "<group>";
		};
/* End PBXGroup section */

/* Begin PBXNativeTarget section */
		AF2420AF276A55A600DE0156 /* PracticingCICD */ = {
			isa = PBXNativeTarget;
			buildConfigurationList = AF2420C4276A55AB00DE0156 /* Build configuration list for PBXNativeTarget "PracticingCICD" */;
			buildPhases = (
				3CCB16D43E309D3B498649E8 /* [CP] Check Pods Manifest.lock */,
				AF2420AC276A55A600DE0156 /* Sources */,
				AF2420AD276A55A600DE0156 /* Frameworks */,
				AF2420AE276A55A600DE0156 /* Resources */,
				3C404E2D9CCB5D1ED4B806F6 /* [CP] Embed Pods Frameworks */,
			);
			buildRules = (
			);
			dependencies = (
			);
			name = PracticingCICD;
			productName = PracticingCICD;
			productReference = AF2420B0276A55A600DE0156 /* PracticingCICD.app */;
			productType = "com.apple.product-type.application";
		};
		AF529E66276D2F0100F8E6F4 /* PracticingCICDTests */ = {
			isa = PBXNativeTarget;
			buildConfigurationList = AF529E6F276D2F0100F8E6F4 /* Build configuration list for PBXNativeTarget "PracticingCICDTests" */;
			buildPhases = (
				AF529E63276D2F0100F8E6F4 /* Sources */,
				AF529E64276D2F0100F8E6F4 /* Frameworks */,
				AF529E65276D2F0100F8E6F4 /* Resources */,
			);
			buildRules = (
			);
			dependencies = (
				AF529E6C276D2F0100F8E6F4 /* PBXTargetDependency */,
			);
			name = PracticingCICDTests;
			productName = PracticingCICDTests;
			productReference = AF529E67276D2F0100F8E6F4 /* PracticingCICDTests.xctest */;
			productType = "com.apple.product-type.bundle.unit-test";
		};
/* End PBXNativeTarget section */

/* Begin PBXProject section */
		AF2420A8276A55A600DE0156 /* Project object */ = {
			isa = PBXProject;
			attributes = {
				BuildIndependentTargetsInParallel = 1;
				LastSwiftUpdateCheck = 1310;
				LastUpgradeCheck = 1300;
				TargetAttributes = {
					AF2420AF276A55A600DE0156 = {
						CreatedOnToolsVersion = 13.0;
					};
					AF529E66276D2F0100F8E6F4 = {
						CreatedOnToolsVersion = 13.1;
						TestTargetID = AF2420AF276A55A600DE0156;
					};
				};
			};
			buildConfigurationList = AF2420AB276A55A600DE0156 /* Build configuration list for PBXProject "PracticingCICD" */;
			compatibilityVersion = "Xcode 13.0";
			developmentRegion = en;
			hasScannedForEncodings = 0;
			knownRegions = (
				en,
				Base,
			);
			mainGroup = AF2420A7276A55A600DE0156;
			productRefGroup = AF2420B1276A55A600DE0156 /* Products */;
			projectDirPath = "";
			projectRoot = "";
			targets = (
				AF2420AF276A55A600DE0156 /* PracticingCICD */,
				AF529E66276D2F0100F8E6F4 /* PracticingCICDTests */,
			);
		};
/* End PBXProject section */

/* Begin PBXResourcesBuildPhase section */
		AF2420AE276A55A600DE0156 /* Resources */ = {
			isa = PBXResourcesBuildPhase;
			buildActionMask = 2147483647;
			files = (
				AF2420C0276A55AB00DE0156 /* LaunchScreen.storyboard in Resources */,
				AF2420C8276B304100DE0156 /* GoogleService-Info.plist in Resources */,
				AF2420BD276A55AB00DE0156 /* Assets.xcassets in Resources */,
				AF2420BB276A55A600DE0156 /* Main.storyboard in Resources */,
			);
			runOnlyForDeploymentPostprocessing = 0;
		};
		AF529E65276D2F0100F8E6F4 /* Resources */ = {
			isa = PBXResourcesBuildPhase;
			buildActionMask = 2147483647;
			files = (
			);
			runOnlyForDeploymentPostprocessing = 0;
		};
/* End PBXResourcesBuildPhase section */

/* Begin PBXShellScriptBuildPhase section */
		3C404E2D9CCB5D1ED4B806F6 /* [CP] Embed Pods Frameworks */ = {
			isa = PBXShellScriptBuildPhase;
			buildActionMask = 2147483647;
			files = (
			);
			inputFileListPaths = (
				"${PODS_ROOT}/Target Support Files/Pods-PracticingCICD/Pods-PracticingCICD-frameworks-${CONFIGURATION}-input-files.xcfilelist",
			);
			name = "[CP] Embed Pods Frameworks";
			outputFileListPaths = (
				"${PODS_ROOT}/Target Support Files/Pods-PracticingCICD/Pods-PracticingCICD-frameworks-${CONFIGURATION}-output-files.xcfilelist",
			);
			runOnlyForDeploymentPostprocessing = 0;
			shellPath = /bin/sh;
			shellScript = "\"${PODS_ROOT}/Target Support Files/Pods-PracticingCICD/Pods-PracticingCICD-frameworks.sh\"\n";
			showEnvVarsInLog = 0;
		};
		3CCB16D43E309D3B498649E8 /* [CP] Check Pods Manifest.lock */ = {
			isa = PBXShellScriptBuildPhase;
			buildActionMask = 2147483647;
			files = (
			);
			inputFileListPaths = (
			);
			inputPaths = (
				"${PODS_PODFILE_DIR_PATH}/Podfile.lock",
				"${PODS_ROOT}/Manifest.lock",
			);
			name = "[CP] Check Pods Manifest.lock";
			outputFileListPaths = (
			);
			outputPaths = (
				"$(DERIVED_FILE_DIR)/Pods-PracticingCICD-checkManifestLockResult.txt",
			);
			runOnlyForDeploymentPostprocessing = 0;
			shellPath = /bin/sh;
			shellScript = "diff \"${PODS_PODFILE_DIR_PATH}/Podfile.lock\" \"${PODS_ROOT}/Manifest.lock\" > /dev/null\nif [ $? != 0 ] ; then\n    # print error to STDERR\n    echo \"error: The sandbox is not in sync with the Podfile.lock. Run 'pod install' or update your CocoaPods installation.\" >&2\n    exit 1\nfi\n# This output is used by Xcode 'outputs' to avoid re-running this script phase.\necho \"SUCCESS\" > \"${SCRIPT_OUTPUT_FILE_0}\"\n";
			showEnvVarsInLog = 0;
		};
/* End PBXShellScriptBuildPhase section */

/* Begin PBXSourcesBuildPhase section */
		AF2420AC276A55A600DE0156 /* Sources */ = {
			isa = PBXSourcesBuildPhase;
			buildActionMask = 2147483647;
			files = (
				AF2420B8276A55A600DE0156 /* ViewController.swift in Sources */,
				AF2420B4276A55A600DE0156 /* AppDelegate.swift in Sources */,
				AF2420B6276A55A600DE0156 /* SceneDelegate.swift in Sources */,
			);
			runOnlyForDeploymentPostprocessing = 0;
		};
		AF529E63276D2F0100F8E6F4 /* Sources */ = {
			isa = PBXSourcesBuildPhase;
			buildActionMask = 2147483647;
			files = (
				AF529E6A276D2F0100F8E6F4 /* PracticingCICDTests.swift in Sources */,
			);
			runOnlyForDeploymentPostprocessing = 0;
		};
/* End PBXSourcesBuildPhase section */

/* Begin PBXTargetDependency section */
		AF529E6C276D2F0100F8E6F4 /* PBXTargetDependency */ = {
			isa = PBXTargetDependency;
			target = AF2420AF276A55A600DE0156 /* PracticingCICD */;
			targetProxy = AF529E6B276D2F0100F8E6F4 /* PBXContainerItemProxy */;
		};
/* End PBXTargetDependency section */

/* Begin PBXVariantGroup section */
		AF2420B9276A55A600DE0156 /* Main.storyboard */ = {
			isa = PBXVariantGroup;
			children = (
				AF2420BA276A55A600DE0156 /* Base */,
			);
			name = Main.storyboard;
			sourceTree = "<group>";
		};
		AF2420BE276A55AB00DE0156 /* LaunchScreen.storyboard */ = {
			isa = PBXVariantGroup;
			children = (
				AF2420BF276A55AB00DE0156 /* Base */,
			);
			name = LaunchScreen.storyboard;
			sourceTree = "<group>";
		};
/* End PBXVariantGroup section */

/* Begin XCBuildConfiguration section */
		AF2420C2276A55AB00DE0156 /* Debug */ = {
			isa = XCBuildConfiguration;
			buildSettings = {
				ALWAYS_SEARCH_USER_PATHS = NO;
				CLANG_ANALYZER_NONNULL = YES;
				CLANG_ANALYZER_NUMBER_OBJECT_CONVERSION = YES_AGGRESSIVE;
				CLANG_CXX_LANGUAGE_STANDARD = "gnu++17";
				CLANG_CXX_LIBRARY = "libc++";
				CLANG_ENABLE_MODULES = YES;
				CLANG_ENABLE_OBJC_ARC = YES;
				CLANG_ENABLE_OBJC_WEAK = YES;
				CLANG_WARN_BLOCK_CAPTURE_AUTORELEASING = YES;
				CLANG_WARN_BOOL_CONVERSION = YES;
				CLANG_WARN_COMMA = YES;
				CLANG_WARN_CONSTANT_CONVERSION = YES;
				CLANG_WARN_DEPRECATED_OBJC_IMPLEMENTATIONS = YES;
				CLANG_WARN_DIRECT_OBJC_ISA_USAGE = YES_ERROR;
				CLANG_WARN_DOCUMENTATION_COMMENTS = YES;
				CLANG_WARN_EMPTY_BODY = YES;
				CLANG_WARN_ENUM_CONVERSION = YES;
				CLANG_WARN_INFINITE_RECURSION = YES;
				CLANG_WARN_INT_CONVERSION = YES;
				CLANG_WARN_NON_LITERAL_NULL_CONVERSION = YES;
				CLANG_WARN_OBJC_IMPLICIT_RETAIN_SELF = YES;
				CLANG_WARN_OBJC_LITERAL_CONVERSION = YES;
				CLANG_WARN_OBJC_ROOT_CLASS = YES_ERROR;
				CLANG_WARN_QUOTED_INCLUDE_IN_FRAMEWORK_HEADER = YES;
				CLANG_WARN_RANGE_LOOP_ANALYSIS = YES;
				CLANG_WARN_STRICT_PROTOTYPES = YES;
				CLANG_WARN_SUSPICIOUS_MOVE = YES;
				CLANG_WARN_UNGUARDED_AVAILABILITY = YES_AGGRESSIVE;
				CLANG_WARN_UNREACHABLE_CODE = YES;
				CLANG_WARN__DUPLICATE_METHOD_MATCH = YES;
				COPY_PHASE_STRIP = NO;
				DEBUG_INFORMATION_FORMAT = dwarf;
				ENABLE_STRICT_OBJC_MSGSEND = YES;
				ENABLE_TESTABILITY = YES;
				GCC_C_LANGUAGE_STANDARD = gnu11;
				GCC_DYNAMIC_NO_PIC = NO;
				GCC_NO_COMMON_BLOCKS = YES;
				GCC_OPTIMIZATION_LEVEL = 0;
				GCC_PREPROCESSOR_DEFINITIONS = (
					"DEBUG=1",
					"$(inherited)",
				);
				GCC_WARN_64_TO_32_BIT_CONVERSION = YES;
				GCC_WARN_ABOUT_RETURN_TYPE = YES_ERROR;
				GCC_WARN_UNDECLARED_SELECTOR = YES;
				GCC_WARN_UNINITIALIZED_AUTOS = YES_AGGRESSIVE;
				GCC_WARN_UNUSED_FUNCTION = YES;
				GCC_WARN_UNUSED_VARIABLE = YES;
				IPHONEOS_DEPLOYMENT_TARGET = 13.0;
				MTL_ENABLE_DEBUG_INFO = INCLUDE_SOURCE;
				MTL_FAST_MATH = YES;
				ONLY_ACTIVE_ARCH = YES;
				SDKROOT = iphoneos;
				SWIFT_ACTIVE_COMPILATION_CONDITIONS = DEBUG;
				SWIFT_OPTIMIZATION_LEVEL = "-Onone";
			};
			name = Debug;
		};
		AF2420C3276A55AB00DE0156 /* Release */ = {
			isa = XCBuildConfiguration;
			buildSettings = {
				ALWAYS_SEARCH_USER_PATHS = NO;
				CLANG_ANALYZER_NONNULL = YES;
				CLANG_ANALYZER_NUMBER_OBJECT_CONVERSION = YES_AGGRESSIVE;
				CLANG_CXX_LANGUAGE_STANDARD = "gnu++17";
				CLANG_CXX_LIBRARY = "libc++";
				CLANG_ENABLE_MODULES = YES;
				CLANG_ENABLE_OBJC_ARC = YES;
				CLANG_ENABLE_OBJC_WEAK = YES;
				CLANG_WARN_BLOCK_CAPTURE_AUTORELEASING = YES;
				CLANG_WARN_BOOL_CONVERSION = YES;
				CLANG_WARN_COMMA = YES;
				CLANG_WARN_CONSTANT_CONVERSION = YES;
				CLANG_WARN_DEPRECATED_OBJC_IMPLEMENTATIONS = YES;
				CLANG_WARN_DIRECT_OBJC_ISA_USAGE = YES_ERROR;
				CLANG_WARN_DOCUMENTATION_COMMENTS = YES;
				CLANG_WARN_EMPTY_BODY = YES;
				CLANG_WARN_ENUM_CONVERSION = YES;
				CLANG_WARN_INFINITE_RECURSION = YES;
				CLANG_WARN_INT_CONVERSION = YES;
				CLANG_WARN_NON_LITERAL_NULL_CONVERSION = YES;
				CLANG_WARN_OBJC_IMPLICIT_RETAIN_SELF = YES;
				CLANG_WARN_OBJC_LITERAL_CONVERSION = YES;
				CLANG_WARN_OBJC_ROOT_CLASS = YES_ERROR;
				CLANG_WARN_QUOTED_INCLUDE_IN_FRAMEWORK_HEADER = YES;
				CLANG_WARN_RANGE_LOOP_ANALYSIS = YES;
				CLANG_WARN_STRICT_PROTOTYPES = YES;
				CLANG_WARN_SUSPICIOUS_MOVE = YES;
				CLANG_WARN_UNGUARDED_AVAILABILITY = YES_AGGRESSIVE;
				CLANG_WARN_UNREACHABLE_CODE = YES;
				CLANG_WARN__DUPLICATE_METHOD_MATCH = YES;
				COPY_PHASE_STRIP = NO;
				DEBUG_INFORMATION_FORMAT = "dwarf-with-dsym";
				ENABLE_NS_ASSERTIONS = NO;
				ENABLE_STRICT_OBJC_MSGSEND = YES;
				GCC_C_LANGUAGE_STANDARD = gnu11;
				GCC_NO_COMMON_BLOCKS = YES;
				GCC_WARN_64_TO_32_BIT_CONVERSION = YES;
				GCC_WARN_ABOUT_RETURN_TYPE = YES_ERROR;
				GCC_WARN_UNDECLARED_SELECTOR = YES;
				GCC_WARN_UNINITIALIZED_AUTOS = YES_AGGRESSIVE;
				GCC_WARN_UNUSED_FUNCTION = YES;
				GCC_WARN_UNUSED_VARIABLE = YES;
				IPHONEOS_DEPLOYMENT_TARGET = 13.0;
				MTL_ENABLE_DEBUG_INFO = NO;
				MTL_FAST_MATH = YES;
				SDKROOT = iphoneos;
				SWIFT_COMPILATION_MODE = wholemodule;
				SWIFT_OPTIMIZATION_LEVEL = "-O";
				VALIDATE_PRODUCT = YES;
			};
			name = Release;
		};
		AF2420C5276A55AB00DE0156 /* Debug */ = {
			isa = XCBuildConfiguration;
			baseConfigurationReference = A9E8ABCA813FC657A5E1CEA1 /* Pods-PracticingCICD.debug.xcconfig */;
			buildSettings = {
				ASSETCATALOG_COMPILER_APPICON_NAME = AppIcon;
				ASSETCATALOG_COMPILER_GLOBAL_ACCENT_COLOR_NAME = AccentColor;
				CODE_SIGN_IDENTITY = "Apple Development";
				CODE_SIGN_STYLE = Automatic;
				CURRENT_PROJECT_VERSION = 11;
				DEVELOPMENT_TEAM = 2662UMC466;
				GENERATE_INFOPLIST_FILE = YES;
				INFOPLIST_FILE = PracticingCICD/Info.plist;
				INFOPLIST_KEY_UIApplicationSupportsIndirectInputEvents = YES;
				INFOPLIST_KEY_UILaunchStoryboardName = LaunchScreen;
				INFOPLIST_KEY_UIMainStoryboardFile = Main;
				INFOPLIST_KEY_UISupportedInterfaceOrientations_iPad = "UIInterfaceOrientationPortrait UIInterfaceOrientationPortraitUpsideDown UIInterfaceOrientationLandscapeLeft UIInterfaceOrientationLandscapeRight";
				INFOPLIST_KEY_UISupportedInterfaceOrientations_iPhone = "UIInterfaceOrientationPortrait UIInterfaceOrientationLandscapeLeft UIInterfaceOrientationLandscapeRight";
				IPHONEOS_DEPLOYMENT_TARGET = 13.0;
				LD_RUNPATH_SEARCH_PATHS = (
					"$(inherited)",
					"@executable_path/Frameworks",
				);
				MARKETING_VERSION = 1.0;
				PRODUCT_BUNDLE_IDENTIFIER = com.rohankanoo.PracticingCICD;
				PRODUCT_NAME = "$(TARGET_NAME)";
				PROVISIONING_PROFILE_SPECIFIER = "";
				SWIFT_EMIT_LOC_STRINGS = YES;
				SWIFT_VERSION = 5.0;
				TARGETED_DEVICE_FAMILY = "1,2";
			};
			name = Debug;
		};
		AF2420C6276A55AB00DE0156 /* Release */ = {
			isa = XCBuildConfiguration;
			baseConfigurationReference = EA4D054DC7CC0F3B386C1C73 /* Pods-PracticingCICD.release.xcconfig */;
			buildSettings = {
				ASSETCATALOG_COMPILER_APPICON_NAME = AppIcon;
				ASSETCATALOG_COMPILER_GLOBAL_ACCENT_COLOR_NAME = AccentColor;
				CODE_SIGN_IDENTITY = "iPhone Distribution";
				CODE_SIGN_STYLE = Manual;
				CURRENT_PROJECT_VERSION = 11;
				DEVELOPMENT_TEAM = WEXSM3M527;
				GENERATE_INFOPLIST_FILE = YES;
				INFOPLIST_FILE = PracticingCICD/Info.plist;
				INFOPLIST_KEY_UIApplicationSupportsIndirectInputEvents = YES;
				INFOPLIST_KEY_UILaunchStoryboardName = LaunchScreen;
				INFOPLIST_KEY_UIMainStoryboardFile = Main;
				INFOPLIST_KEY_UISupportedInterfaceOrientations_iPad = "UIInterfaceOrientationPortrait UIInterfaceOrientationPortraitUpsideDown UIInterfaceOrientationLandscapeLeft UIInterfaceOrientationLandscapeRight";
				INFOPLIST_KEY_UISupportedInterfaceOrientations_iPhone = "UIInterfaceOrientationPortrait UIInterfaceOrientationLandscapeLeft UIInterfaceOrientationLandscapeRight";
				IPHONEOS_DEPLOYMENT_TARGET = 13.0;
				LD_RUNPATH_SEARCH_PATHS = (
					"$(inherited)",
					"@executable_path/Frameworks",
				);
				MARKETING_VERSION = 1.0;
				PRODUCT_BUNDLE_IDENTIFIER = com.cicd.practice;
				PRODUCT_NAME = "$(TARGET_NAME)";
				PROVISIONING_PROFILE_SPECIFIER = "Practising CICD";
				SWIFT_EMIT_LOC_STRINGS = YES;
				SWIFT_VERSION = 5.0;
				TARGETED_DEVICE_FAMILY = "1,2";
			};
			name = Release;
		};
		AF529E6D276D2F0100F8E6F4 /* Debug */ = {
			isa = XCBuildConfiguration;
			buildSettings = {
				BUNDLE_LOADER = "$(TEST_HOST)";
				CODE_SIGN_STYLE = Automatic;
				CURRENT_PROJECT_VERSION = 1;
				DEVELOPMENT_TEAM = 2662UMC466;
				GENERATE_INFOPLIST_FILE = YES;
				IPHONEOS_DEPLOYMENT_TARGET = 13.0;
				LD_RUNPATH_SEARCH_PATHS = (
					"$(inherited)",
					"@executable_path/Frameworks",
					"@loader_path/Frameworks",
				);
				MARKETING_VERSION = 1.0;
				PRODUCT_BUNDLE_IDENTIFIER = com.tothenew.PracticingCICDTests;
				PRODUCT_NAME = "$(TARGET_NAME)";
				SWIFT_EMIT_LOC_STRINGS = NO;
				SWIFT_VERSION = 5.0;
				TARGETED_DEVICE_FAMILY = "1,2";
				TEST_HOST = "$(BUILT_PRODUCTS_DIR)/PracticingCICD.app/PracticingCICD";
			};
			name = Debug;
		};
		AF529E6E276D2F0100F8E6F4 /* Release */ = {
			isa = XCBuildConfiguration;
			buildSettings = {
				BUNDLE_LOADER = "$(TEST_HOST)";
				CODE_SIGN_STYLE = Automatic;
				CURRENT_PROJECT_VERSION = 1;
				DEVELOPMENT_TEAM = 2662UMC466;
				GENERATE_INFOPLIST_FILE = YES;
				IPHONEOS_DEPLOYMENT_TARGET = 13.0;
				LD_RUNPATH_SEARCH_PATHS = (
					"$(inherited)",
					"@executable_path/Frameworks",
					"@loader_path/Frameworks",
				);
				MARKETING_VERSION = 1.0;
				PRODUCT_BUNDLE_IDENTIFIER = com.tothenew.PracticingCICDTests;
				PRODUCT_NAME = "$(TARGET_NAME)";
				SWIFT_EMIT_LOC_STRINGS = NO;
				SWIFT_VERSION = 5.0;
				TARGETED_DEVICE_FAMILY = "1,2";
				TEST_HOST = "$(BUILT_PRODUCTS_DIR)/PracticingCICD.app/PracticingCICD";
			};
			name = Release;
		};
/* End XCBuildConfiguration section */

/* Begin XCConfigurationList section */
		AF2420AB276A55A600DE0156 /* Build configuration list for PBXProject "PracticingCICD" */ = {
			isa = XCConfigurationList;
			buildConfigurations = (
				AF2420C2276A55AB00DE0156 /* Debug */,
				AF2420C3276A55AB00DE0156 /* Release */,
			);
			defaultConfigurationIsVisible = 0;
			defaultConfigurationName = Release;
		};
		AF2420C4276A55AB00DE0156 /* Build configuration list for PBXNativeTarget "PracticingCICD" */ = {
			isa = XCConfigurationList;
			buildConfigurations = (
				AF2420C5276A55AB00DE0156 /* Debug */,
				AF2420C6276A55AB00DE0156 /* Release */,
			);
			defaultConfigurationIsVisible = 0;
			defaultConfigurationName = Release;
		};
		AF529E6F276D2F0100F8E6F4 /* Build configuration list for PBXNativeTarget "PracticingCICDTests" */ = {
			isa = XCConfigurationList;
			buildConfigurations = (
				AF529E6D276D2F0100F8E6F4 /* Debug */,
				AF529E6E276D2F0100F8E6F4 /* Release */,
			);
			defaultConfigurationIsVisible = 0;
			defaultConfigurationName = Release;
		};
/* End XCConfigurationList section */
	};
	rootObject = AF2420A8276A55A600DE0156 /* Project object */;
}
